lockfileVersion: 5.4

specifiers:
  npmlog: ^7.0.1

dependencies:
  npmlog: 7.0.1

packages:

  /ansi-regex/5.0.1:
    resolution: {integrity: sha512-quJQXlTSUGL2LH9SUXo8VwsY4soanhgo6LNSm84E1LBcE8s3O0wpdiRzyR9z/ZZJMlMWv37qOOb9pdJlMUEKFQ==}
    engines: {node: '>=8'}
    dev: false

  /aproba/2.0.0:
    resolution: {integrity: sha512-lYe4Gx7QT+MKGbDsA+Z+he/Wtef0BiwDOlK/XkBrdfsh9J/jPPXbX0tE9x9cl27Tmu5gg3QUbUrQYa/y+KOHPQ==}
    dev: false

  /are-we-there-yet/4.0.2:
    resolution: {integrity: sha512-ncSWAawFhKMJDTdoAeOV+jyW1VCMj5QIAwULIBV0SSR7B/RLPPEQiknKcg/RIIZlUQrxELpsxMiTUoAQ4sIUyg==}
    engines: {node: ^14.17.0 || ^16.13.0 || >=18.0.0}
    deprecated: This package is no longer supported.
    dev: false

  /color-support/1.1.3:
    resolution: {integrity: sha512-qiBjkpbMLO/HL68y+lh4q0/O1MZFj2RX6X/KmMa3+gJD3z+WwI1ZzDHysvqHGS3mP6mznPckpXmw1nI9cJjyRg==}
    hasBin: true
    dev: false

  /console-control-strings/1.1.0:
    resolution: {integrity: sha512-ty/fTekppD2fIwRvnZAVdeOiGd1c7YXEixbgJTNzqcxJWKQnjJ/V1bNEEE6hygpM3WjwHFUVK6HTjWSzV4a8sQ==}
    dev: false

  /emoji-regex/8.0.0:
    resolution: {integrity: sha512-MSjYzcWNOA0ewAHpz0MxpYFvwg6yjy1NG3xteoqz644VCo/RPgnr1/GGt+ic3iJTzQ8Eu3TdM14SawnVUmGE6A==}
    dev: false

  /gauge/5.0.2:
    resolution: {integrity: sha512-pMaFftXPtiGIHCJHdcUUx9Rby/rFT/Kkt3fIIGCs+9PMDIljSyRiqraTlxNtBReJRDfUefpa263RQ3vnp5G/LQ==}
    engines: {node: ^14.17.0 || ^16.13.0 || >=18.0.0}
    deprecated: This package is no longer supported.
    dependencies:
      aproba: 2.0.0
      color-support: 1.1.3
      console-control-strings: 1.1.0
      has-unicode: 2.0.1
      signal-exit: 4.1.0
      string-width: 4.2.3
      strip-ansi: 6.0.1
      wide-align: 1.1.5
    dev: false

  /has-unicode/2.0.1:
    resolution: {integrity: sha512-8Rf9Y83NBReMnx0gFzA8JImQACstCYWUplepDa9xprwwtmgEZUF0h/i5xSA625zB/I37EtrswSST6OXxwaaIJQ==}
    dev: false

  /is-fullwidth-code-point/3.0.0:
    resolution: {integrity: sha512-zymm5+u+sCsSWyD9qNaejV3DFvhCKclKdizYaJUuHA83RLjb7nSuGnddCHGv0hk+KY7BMAlsWeK4Ueg6EV6XQg==}
    engines: {node: '>=8'}
    dev: false

  /npmlog/7.0.1:
    resolution: {integrity: sha512-uJ0YFk/mCQpLBt+bxN88AKd+gyqZvZDbtiNxk6Waqcj2aPRyfVx8ITawkyQynxUagInjdYT1+qj4NfA5KJJUxg==}
    engines: {node: ^14.17.0 || ^16.13.0 || >=18.0.0}
    deprecated: This package is no longer supported.
    dependencies:
      are-we-there-yet: 4.0.2
      console-control-strings: 1.1.0
      gauge: 5.0.2
      set-blocking: 2.0.0
    dev: false

  /set-blocking/2.0.0:
    resolution: {integrity: sha512-KiKBS8AnWGEyLzofFfmvKwpdPzqiy16LvQfK3yv/fVH7Bj13/wl3JSR1J+rfgRE9q7xUJK4qvgS8raSOeLUehw==}
    dev: false

  /signal-exit/4.1.0:
    resolution: {integrity: sha512-bzyZ1e88w9O1iNJbKnOlvYTrWPDl46O1bG0D3XInv+9tkPrxrN8jUUTiFlDkkmKWgn1M6CfIA13SuGqOa9Korw==}
    engines: {node: '>=14'}
    dev: false

  /string-width/4.2.3:
    resolution: {integrity: sha512-wKyQRQpjJ0sIp62ErSZdGsjMJWsap5oRNihHhu6G7JVO/9jIB6UyevL+tXuOqrng8j/cxKTWyWUwvSTriiZz/g==}
    engines: {node: '>=8'}
    dependencies:
      emoji-regex: 8.0.0
      is-fullwidth-code-point: 3.0.0
      strip-ansi: 6.0.1
    dev: false

  /strip-ansi/6.0.1:
    resolution: {integrity: sha512-Y38VPSHcqkFrCpFnQ9vuSXmquuv5oXOKpGeT6aGrr3o3Gc9AlVa6JBfUSOCnbxGGZF+/0ooI7KrPuUSztUdU5A==}
    engines: {node: '>=8'}
    dependencies:
      ansi-regex: 5.0.1
    dev: false

  /wide-align/1.1.5:
    resolution: {integrity: sha512-eDMORYaPNZ4sQIuuYPDHdQvf4gyCF9rEEV/yPxGfwPkRodwEgiMUUXTx/dex+Me0wxx53S+NgUHaP7y3MGlDmg==}
    dependencies:
      string-width: 4.2.3
    dev: false
